
Microsoft Visual Studio Solution File, Format Version 12.00
# Visual Studio Version 17
VisualStudioVersion = 17.13.35931.197
MinimumVisualStudioVersion = 10.0.40219.1
Project("{FAE04EC0-301F-11D3-BF4B-00C04F79EFBC}") = "POI", "POI\POI.csproj", "{827BE9F7-5297-4E15-BC8C-257510E6CAA0}"
EndProject
Project("{FAE04EC0-301F-11D3-BF4B-00C04F79EFBC}") = "Domain", "Domain\Domain.csproj", "{E16D51B4-0BE2-4DC6-A461-678CF9DB7F7C}"
EndProject
Project("{FAE04EC0-301F-11D3-BF4B-00C04F79EFBC}") = "Application", "Application\Application.csproj", "{0E585F3F-7490-486C-896B-B9608DBB7D64}"
EndProject
Project("{FAE04EC0-301F-11D3-BF4B-00C04F79EFBC}") = "Infrastructure", "Infrastructure\Infrastructure.csproj", "{4C4DAF45-77B6-44B7-9B32-D11F23B3908A}"
EndProject
Global
	GlobalSection(SolutionConfigurationPlatforms) = preSolution
		Debug|Any CPU = Debug|Any CPU
		Release|Any CPU = Release|Any CPU
	EndGlobalSection
	GlobalSection(ProjectConfigurationPlatforms) = postSolution
		{827BE9F7-5297-4E15-BC8C-257510E6CAA0}.Debug|Any CPU.ActiveCfg = Debug|Any CPU
		{827BE9F7-5297-4E15-BC8C-257510E6CAA0}.Debug|Any CPU.Build.0 = Debug|Any CPU
		{827BE9F7-5297-4E15-BC8C-257510E6CAA0}.Release|Any CPU.ActiveCfg = Release|Any CPU
		{827BE9F7-5297-4E15-BC8C-257510E6CAA0}.Release|Any CPU.Build.0 = Release|Any CPU
		{E16D51B4-0BE2-4DC6-A461-678CF9DB7F7C}.Debug|Any CPU.ActiveCfg = Debug|Any CPU
		{E16D51B4-0BE2-4DC6-A461-678CF9DB7F7C}.Debug|Any CPU.Build.0 = Debug|Any CPU
		{E16D51B4-0BE2-4DC6-A461-678CF9DB7F7C}.Release|Any CPU.ActiveCfg = Release|Any CPU
		{E16D51B4-0BE2-4DC6-A461-678CF9DB7F7C}.Release|Any CPU.Build.0 = Release|Any CPU
		{0E585F3F-7490-486C-896B-B9608DBB7D64}.Debug|Any CPU.ActiveCfg = Debug|Any CPU
		{0E585F3F-7490-486C-896B-B9608DBB7D64}.Debug|Any CPU.Build.0 = Debug|Any CPU
		{0E585F3F-7490-486C-896B-B9608DBB7D64}.Release|Any CPU.ActiveCfg = Release|Any CPU
		{0E585F3F-7490-486C-896B-B9608DBB7D64}.Release|Any CPU.Build.0 = Release|Any CPU
		{4C4DAF45-77B6-44B7-9B32-D11F23B3908A}.Debug|Any CPU.ActiveCfg = Debug|Any CPU
		{4C4DAF45-77B6-44B7-9B32-D11F23B3908A}.Debug|Any CPU.Build.0 = Debug|Any CPU
		{4C4DAF45-77B6-44B7-9B32-D11F23B3908A}.Release|Any CPU.ActiveCfg = Release|Any CPU
		{4C4DAF45-77B6-44B7-9B32-D11F23B3908A}.Release|Any CPU.Build.0 = Release|Any CPU
	EndGlobalSection
	GlobalSection(SolutionProperties) = preSolution
		HideSolutionNode = FALSE
	EndGlobalSection
	GlobalSection(ExtensibilityGlobals) = postSolution
		SolutionGuid = {0CA23C55-7750-44ED-8641-76F8E8CEEA7D}
	EndGlobalSection
EndGlobal
